
Microsoft Visual Studio Solution File, Format Version 12.00
# Visual Studio Version 17
VisualStudioVersion = 17.5.33516.290
MinimumVisualStudioVersion = 10.0.40219.1
Project("{FAE04EC0-301F-11D3-BF4B-00C04F79EFBC}") = "BookClubApi", "BookClubApi.csproj", "{920EF482-65B5-49E5-85C1-28698361B212}"
EndProject
Global
	GlobalSection(SolutionConfigurationPlatforms) = preSolution
		Debug|Any CPU = Debug|Any CPU
		Release|Any CPU = Release|Any CPU
	EndGlobalSection
	GlobalSection(ProjectConfigurationPlatforms) = postSolution
		{920EF482-65B5-49E5-85C1-28698361B212}.Debug|Any CPU.ActiveCfg = Debug|Any CPU
		{920EF482-65B5-49E5-85C1-28698361B212}.Debug|Any CPU.Build.0 = Debug|Any CPU
		{920EF482-65B5-49E5-85C1-28698361B212}.Release|Any CPU.ActiveCfg = Release|Any CPU
		{920EF482-65B5-49E5-85C1-28698361B212}.Release|Any CPU.Build.0 = Release|Any CPU
	EndGlobalSection
	GlobalSection(SolutionProperties) = preSolution
		HideSolutionNode = FALSE
	EndGlobalSection
	GlobalSection(ExtensibilityGlobals) = postSolution
		SolutionGuid = {DFA4BD21-FB4D-439F-BDDA-CE3BA6344209}
	EndGlobalSection
EndGlobal
